
Microsoft Visual Studio Solution File, Format Version 12.00
# Visual Studio Version 17
VisualStudioVersion = 17.8.34511.84
MinimumVisualStudioVersion = 10.0.40219.1
Project("{9A19103F-16F7-4668-BE54-9A1E7A4F7556}") = "TesteTargetSistemas", "TesteTargetSistemas\TesteTargetSistemas.csproj", "{E21F2002-728F-41C2-9A2C-95C00D9C77AF}"
EndProject
Project("{9A19103F-16F7-4668-BE54-9A1E7A4F7556}") = "TesteTargetSistemas.NUnitTests", "TestesDeUnidadeNUnit\TesteTargetSistemas.NUnitTests.csproj", "{1B0B0433-310A-4B79-AF42-60A7BD9DB0F2}"
EndProject
Global
	GlobalSection(SolutionConfigurationPlatforms) = preSolution
		Debug|Any CPU = Debug|Any CPU
		Release|Any CPU = Release|Any CPU
	EndGlobalSection
	GlobalSection(ProjectConfigurationPlatforms) = postSolution
		{E21F2002-728F-41C2-9A2C-95C00D9C77AF}.Debug|Any CPU.ActiveCfg = Debug|Any CPU
		{E21F2002-728F-41C2-9A2C-95C00D9C77AF}.Debug|Any CPU.Build.0 = Debug|Any CPU
		{E21F2002-728F-41C2-9A2C-95C00D9C77AF}.Release|Any CPU.ActiveCfg = Release|Any CPU
		{E21F2002-728F-41C2-9A2C-95C00D9C77AF}.Release|Any CPU.Build.0 = Release|Any CPU
		{1B0B0433-310A-4B79-AF42-60A7BD9DB0F2}.Debug|Any CPU.ActiveCfg = Debug|Any CPU
		{1B0B0433-310A-4B79-AF42-60A7BD9DB0F2}.Debug|Any CPU.Build.0 = Debug|Any CPU
		{1B0B0433-310A-4B79-AF42-60A7BD9DB0F2}.Release|Any CPU.ActiveCfg = Release|Any CPU
		{1B0B0433-310A-4B79-AF42-60A7BD9DB0F2}.Release|Any CPU.Build.0 = Release|Any CPU
	EndGlobalSection
	GlobalSection(SolutionProperties) = preSolution
		HideSolutionNode = FALSE
	EndGlobalSection
	GlobalSection(ExtensibilityGlobals) = postSolution
		SolutionGuid = {2CB9AE2F-3792-4285-8C7C-FDEB10F2EE7F}
	EndGlobalSection
EndGlobal
